
Microsoft Visual Studio Solution File, Format Version 12.00
# Visual Studio Version 17
VisualStudioVersion = 17.5.002.0
MinimumVisualStudioVersion = 10.0.40219.1
Project("{9A19103F-16F7-4668-BE54-9A1E7A4F7556}") = "TopLevelProgram", "TopLevelProgram.csproj", "{37DCD6D1-0922-43AA-8673-FF1623C94057}"
EndProject
Global
	GlobalSection(SolutionConfigurationPlatforms) = preSolution
		Debug|Any CPU = Debug|Any CPU
		Release|Any CPU = Release|Any CPU
	EndGlobalSection
	GlobalSection(ProjectConfigurationPlatforms) = postSolution
		{37DCD6D1-0922-43AA-8673-FF1623C94057}.Debug|Any CPU.ActiveCfg = Debug|Any CPU
		{37DCD6D1-0922-43AA-8673-FF1623C94057}.Debug|Any CPU.Build.0 = Debug|Any CPU
		{37DCD6D1-0922-43AA-8673-FF1623C94057}.Release|Any CPU.ActiveCfg = Release|Any CPU
		{37DCD6D1-0922-43AA-8673-FF1623C94057}.Release|Any CPU.Build.0 = Release|Any CPU
	EndGlobalSection
	GlobalSection(SolutionProperties) = preSolution
		HideSolutionNode = FALSE
	EndGlobalSection
	GlobalSection(ExtensibilityGlobals) = postSolution
		SolutionGuid = {2784F853-30F6-44DC-9F97-7196EC228CB2}
	EndGlobalSection
EndGlobal
